
Microsoft Visual Studio Solution File, Format Version 12.00
# Visual Studio Version 16
VisualStudioVersion = 16.0.31702.278
MinimumVisualStudioVersion = 10.0.40219.1
Project("{FAE04EC0-301F-11D3-BF4B-00C04F79EFBC}") = "Atividade7", "Atividade7\Atividade7.csproj", "{DDA5F043-4AB3-4CCA-8E9C-5C3DC681B30C}"
EndProject
Global
	GlobalSection(SolutionConfigurationPlatforms) = preSolution
		Debug|Any CPU = Debug|Any CPU
		Release|Any CPU = Release|Any CPU
	EndGlobalSection
	GlobalSection(ProjectConfigurationPlatforms) = postSolution
		{DDA5F043-4AB3-4CCA-8E9C-5C3DC681B30C}.Debug|Any CPU.ActiveCfg = Debug|Any CPU
		{DDA5F043-4AB3-4CCA-8E9C-5C3DC681B30C}.Debug|Any CPU.Build.0 = Debug|Any CPU
		{DDA5F043-4AB3-4CCA-8E9C-5C3DC681B30C}.Release|Any CPU.ActiveCfg = Release|Any CPU
		{DDA5F043-4AB3-4CCA-8E9C-5C3DC681B30C}.Release|Any CPU.Build.0 = Release|Any CPU
	EndGlobalSection
	GlobalSection(SolutionProperties) = preSolution
		HideSolutionNode = FALSE
	EndGlobalSection
	GlobalSection(ExtensibilityGlobals) = postSolution
		SolutionGuid = {C9E3EF7C-55F5-4AF3-8D97-219A8A7E0C0B}
	EndGlobalSection
EndGlobal
